
Microsoft Visual Studio Solution File, Format Version 12.00
# Visual Studio 15
VisualStudioVersion = 15.0.28307.421
MinimumVisualStudioVersion = 10.0.40219.1
Project("{FAE04EC0-301F-11D3-BF4B-00C04F79EFBC}") = "SimpleMvp.WinForm", "SimpleMvp\SimpleMvp.WinForm.csproj", "{C1352C3D-4C61-401F-8E11-47A2AC0CDECC}"
EndProject
Global
	GlobalSection(SolutionConfigurationPlatforms) = preSolution
		Debug|Any CPU = Debug|Any CPU
		Release|Any CPU = Release|Any CPU
	EndGlobalSection
	GlobalSection(ProjectConfigurationPlatforms) = postSolution
		{C1352C3D-4C61-401F-8E11-47A2AC0CDECC}.Debug|Any CPU.ActiveCfg = Debug|Any CPU
		{C1352C3D-4C61-401F-8E11-47A2AC0CDECC}.Debug|Any CPU.Build.0 = Debug|Any CPU
		{C1352C3D-4C61-401F-8E11-47A2AC0CDECC}.Release|Any CPU.ActiveCfg = Release|Any CPU
		{C1352C3D-4C61-401F-8E11-47A2AC0CDECC}.Release|Any CPU.Build.0 = Release|Any CPU
	EndGlobalSection
	GlobalSection(SolutionProperties) = preSolution
		HideSolutionNode = FALSE
	EndGlobalSection
	GlobalSection(ExtensibilityGlobals) = postSolution
		SolutionGuid = {083B3E08-79BE-4E49-96FA-9803379CE34B}
	EndGlobalSection
EndGlobal
